
Microsoft Visual Studio Solution File, Format Version 12.00
# Visual Studio 15
VisualStudioVersion = 15.0.28307.852
MinimumVisualStudioVersion = 10.0.40219.1
Project("{FAE04EC0-301F-11D3-BF4B-00C04F79EFBC}") = "NorthwindsWCFDataService", "NorthwindsWCFDataService\NorthwindsWCFDataService.csproj", "{06E816BB-568B-4391-AA4C-E0533682D44B}"
EndProject
Project("{FAE04EC0-301F-11D3-BF4B-00C04F79EFBC}") = "NorthwindsClient", "NorthwindsClient\NorthwindsClient.csproj", "{9B456C51-F5F1-46CE-8C47-F438AFE0506D}"
EndProject
Global
	GlobalSection(SolutionConfigurationPlatforms) = preSolution
		Debug|Any CPU = Debug|Any CPU
		Release|Any CPU = Release|Any CPU
	EndGlobalSection
	GlobalSection(ProjectConfigurationPlatforms) = postSolution
		{06E816BB-568B-4391-AA4C-E0533682D44B}.Debug|Any CPU.ActiveCfg = Debug|Any CPU
		{06E816BB-568B-4391-AA4C-E0533682D44B}.Debug|Any CPU.Build.0 = Debug|Any CPU
		{06E816BB-568B-4391-AA4C-E0533682D44B}.Release|Any CPU.ActiveCfg = Release|Any CPU
		{06E816BB-568B-4391-AA4C-E0533682D44B}.Release|Any CPU.Build.0 = Release|Any CPU
		{9B456C51-F5F1-46CE-8C47-F438AFE0506D}.Debug|Any CPU.ActiveCfg = Debug|Any CPU
		{9B456C51-F5F1-46CE-8C47-F438AFE0506D}.Debug|Any CPU.Build.0 = Debug|Any CPU
		{9B456C51-F5F1-46CE-8C47-F438AFE0506D}.Release|Any CPU.ActiveCfg = Release|Any CPU
		{9B456C51-F5F1-46CE-8C47-F438AFE0506D}.Release|Any CPU.Build.0 = Release|Any CPU
	EndGlobalSection
	GlobalSection(SolutionProperties) = preSolution
		HideSolutionNode = FALSE
	EndGlobalSection
	GlobalSection(ExtensibilityGlobals) = postSolution
		SolutionGuid = {EF6EE5DE-5C6F-42CC-974E-B402E3DFDD1D}
	EndGlobalSection
EndGlobal
